# THIS IS AN AUTOGENERATED FILE. DO NOT EDIT THIS FILE DIRECTLY.
# yarn lockfile v1


"@esbuild/aix-ppc64@0.24.0":
  version "0.24.0"
  resolved "https://registry.npmmirror.com/@esbuild/aix-ppc64/-/aix-ppc64-0.24.0.tgz#b57697945b50e99007b4c2521507dc613d4a648c"

"@esbuild/android-arm64@0.24.0":
  version "0.24.0"
  resolved "https://registry.npmmirror.com/@esbuild/android-arm64/-/android-arm64-0.24.0.tgz#1add7e0af67acefd556e407f8497e81fddad79c0"

"@esbuild/android-arm@0.24.0":
  version "0.24.0"
  resolved "https://registry.npmmirror.com/@esbuild/android-arm/-/android-arm-0.24.0.tgz#ab7263045fa8e090833a8e3c393b60d59a789810"

"@esbuild/android-x64@0.24.0":
  version "0.24.0"
  resolved "https://registry.npmmirror.com/@esbuild/android-x64/-/android-x64-0.24.0.tgz#e8f8b196cfdfdd5aeaebbdb0110983460440e705"

"@esbuild/darwin-arm64@0.24.0":
  version "0.24.0"
  resolved "https://registry.npmmirror.com/@esbuild/darwin-arm64/-/darwin-arm64-0.24.0.tgz#2d0d9414f2acbffd2d86e98253914fca603a53dd"

"@esbuild/darwin-x64@0.24.0":
  version "0.24.0"
  resolved "https://registry.npmmirror.com/@esbuild/darwin-x64/-/darwin-x64-0.24.0.tgz#33087aab31a1eb64c89daf3d2cf8ce1775656107"

"@esbuild/freebsd-arm64@0.24.0":
  version "0.24.0"
  resolved "https://registry.npmmirror.com/@esbuild/freebsd-arm64/-/freebsd-arm64-0.24.0.tgz#bb76e5ea9e97fa3c753472f19421075d3a33e8a7"

"@esbuild/freebsd-x64@0.24.0":
  version "0.24.0"
  resolved "https://registry.npmmirror.com/@esbuild/freebsd-x64/-/freebsd-x64-0.24.0.tgz#e0e2ce9249fdf6ee29e5dc3d420c7007fa579b93"

"@esbuild/linux-arm64@0.24.0":
  version "0.24.0"
  resolved "https://registry.npmmirror.com/@esbuild/linux-arm64/-/linux-arm64-0.24.0.tgz#d1b2aa58085f73ecf45533c07c82d81235388e75"

"@esbuild/linux-arm@0.24.0":
  version "0.24.0"
  resolved "https://registry.npmmirror.com/@esbuild/linux-arm/-/linux-arm-0.24.0.tgz#8e4915df8ea3e12b690a057e77a47b1d5935ef6d"

"@esbuild/linux-ia32@0.24.0":
  version "0.24.0"
  resolved "https://registry.npmmirror.com/@esbuild/linux-ia32/-/linux-ia32-0.24.0.tgz#8200b1110666c39ab316572324b7af63d82013fb"

"@esbuild/linux-loong64@0.24.0":
  version "0.24.0"
  resolved "https://registry.npmmirror.com/@esbuild/linux-loong64/-/linux-loong64-0.24.0.tgz#6ff0c99cf647504df321d0640f0d32e557da745c"

"@esbuild/linux-mips64el@0.24.0":
  version "0.24.0"
  resolved "https://registry.npmmirror.com/@esbuild/linux-mips64el/-/linux-mips64el-0.24.0.tgz#3f720ccd4d59bfeb4c2ce276a46b77ad380fa1f3"

"@esbuild/linux-ppc64@0.24.0":
  version "0.24.0"
  resolved "https://registry.npmmirror.com/@esbuild/linux-ppc64/-/linux-ppc64-0.24.0.tgz#9d6b188b15c25afd2e213474bf5f31e42e3aa09e"

"@esbuild/linux-riscv64@0.24.0":
  version "0.24.0"
  resolved "https://registry.npmmirror.com/@esbuild/linux-riscv64/-/linux-riscv64-0.24.0.tgz#f989fdc9752dfda286c9cd87c46248e4dfecbc25"

"@esbuild/linux-s390x@0.24.0":
  version "0.24.0"
  resolved "https://registry.npmmirror.com/@esbuild/linux-s390x/-/linux-s390x-0.24.0.tgz#29ebf87e4132ea659c1489fce63cd8509d1c7319"

"@esbuild/linux-x64@0.24.0":
  version "0.24.0"
  resolved "https://registry.npmmirror.com/@esbuild/linux-x64/-/linux-x64-0.24.0.tgz#4af48c5c0479569b1f359ffbce22d15f261c0cef"

"@esbuild/netbsd-x64@0.24.0":
  version "0.24.0"
  resolved "https://registry.npmmirror.com/@esbuild/netbsd-x64/-/netbsd-x64-0.24.0.tgz#1ae73d23cc044a0ebd4f198334416fb26c31366c"

"@esbuild/openbsd-arm64@0.24.0":
  version "0.24.0"
  resolved "https://registry.npmmirror.com/@esbuild/openbsd-arm64/-/openbsd-arm64-0.24.0.tgz#5d904a4f5158c89859fd902c427f96d6a9e632e2"

"@esbuild/openbsd-x64@0.24.0":
  version "0.24.0"
  resolved "https://registry.npmmirror.com/@esbuild/openbsd-x64/-/openbsd-x64-0.24.0.tgz#4c8aa88c49187c601bae2971e71c6dc5e0ad1cdf"

"@esbuild/sunos-x64@0.24.0":
  version "0.24.0"
  resolved "https://registry.npmmirror.com/@esbuild/sunos-x64/-/sunos-x64-0.24.0.tgz#8ddc35a0ea38575fa44eda30a5ee01ae2fa54dd4"

"@esbuild/win32-arm64@0.24.0":
  version "0.24.0"
  resolved "https://registry.npmmirror.com/@esbuild/win32-arm64/-/win32-arm64-0.24.0.tgz#6e79c8543f282c4539db684a207ae0e174a9007b"

"@esbuild/win32-ia32@0.24.0":
  version "0.24.0"
  resolved "https://registry.npmmirror.com/@esbuild/win32-ia32/-/win32-ia32-0.24.0.tgz#057af345da256b7192d18b676a02e95d0fa39103"

"@esbuild/win32-x64@0.24.0":
  version "0.24.0"
  resolved "https://registry.npmmirror.com/@esbuild/win32-x64/-/win32-x64-0.24.0.tgz#168ab1c7e1c318b922637fad8f339d48b01e1244"

"@ethereumjs/rlp@^5.0.2":
  version "5.0.2"
  resolved "https://registry.npmmirror.com/@ethereumjs/rlp/-/rlp-5.0.2.tgz#c89bd82f2f3bec248ab2d517ae25f5bbc4aac842"

"@rollup/rollup-android-arm-eabi@4.28.1":
  version "4.28.1"
  resolved "https://registry.npmmirror.com/@rollup/rollup-android-arm-eabi/-/rollup-android-arm-eabi-4.28.1.tgz#7f4c4d8cd5ccab6e95d6750dbe00321c1f30791e"

"@rollup/rollup-android-arm64@4.28.1":
  version "4.28.1"
  resolved "https://registry.npmmirror.com/@rollup/rollup-android-arm64/-/rollup-android-arm64-4.28.1.tgz#17ea71695fb1518c2c324badbe431a0bd1879f2d"

"@rollup/rollup-darwin-arm64@4.28.1":
  version "4.28.1"
  resolved "https://registry.npmmirror.com/@rollup/rollup-darwin-arm64/-/rollup-darwin-arm64-4.28.1.tgz#dac0f0d0cfa73e7d5225ae6d303c13c8979e7999"

"@rollup/rollup-darwin-x64@4.28.1":
  version "4.28.1"
  resolved "https://registry.npmmirror.com/@rollup/rollup-darwin-x64/-/rollup-darwin-x64-4.28.1.tgz#8f63baa1d31784904a380d2e293fa1ddf53dd4a2"

"@rollup/rollup-freebsd-arm64@4.28.1":
  version "4.28.1"
  resolved "https://registry.npmmirror.com/@rollup/rollup-freebsd-arm64/-/rollup-freebsd-arm64-4.28.1.tgz#30ed247e0df6e8858cdc6ae4090e12dbeb8ce946"

"@rollup/rollup-freebsd-x64@4.28.1":
  version "4.28.1"
  resolved "https://registry.npmmirror.com/@rollup/rollup-freebsd-x64/-/rollup-freebsd-x64-4.28.1.tgz#57846f382fddbb508412ae07855b8a04c8f56282"

"@rollup/rollup-linux-arm-gnueabihf@4.28.1":
  version "4.28.1"
  resolved "https://registry.npmmirror.com/@rollup/rollup-linux-arm-gnueabihf/-/rollup-linux-arm-gnueabihf-4.28.1.tgz#378ca666c9dae5e6f94d1d351e7497c176e9b6df"

"@rollup/rollup-linux-arm-musleabihf@4.28.1":
  version "4.28.1"
  resolved "https://registry.npmmirror.com/@rollup/rollup-linux-arm-musleabihf/-/rollup-linux-arm-musleabihf-4.28.1.tgz#a692eff3bab330d5c33a5d5813a090c15374cddb"

"@rollup/rollup-linux-arm64-gnu@4.28.1":
  version "4.28.1"
  resolved "https://registry.npmmirror.com/@rollup/rollup-linux-arm64-gnu/-/rollup-linux-arm64-gnu-4.28.1.tgz#6b1719b76088da5ac1ae1feccf48c5926b9e3db9"

"@rollup/rollup-linux-arm64-musl@4.28.1":
  version "4.28.1"
  resolved "https://registry.npmmirror.com/@rollup/rollup-linux-arm64-musl/-/rollup-linux-arm64-musl-4.28.1.tgz#865baf5b6f5ff67acb32e5a359508828e8dc5788"

"@rollup/rollup-linux-loongarch64-gnu@4.28.1":
  version "4.28.1"
  resolved "https://registry.npmmirror.com/@rollup/rollup-linux-loongarch64-gnu/-/rollup-linux-loongarch64-gnu-4.28.1.tgz#23c6609ba0f7fa7a7f2038b6b6a08555a5055a87"

"@rollup/rollup-linux-powerpc64le-gnu@4.28.1":
  version "4.28.1"
  resolved "https://registry.npmmirror.com/@rollup/rollup-linux-powerpc64le-gnu/-/rollup-linux-powerpc64le-gnu-4.28.1.tgz#652ef0d9334a9f25b9daf85731242801cb0fc41c"

"@rollup/rollup-linux-riscv64-gnu@4.28.1":
  version "4.28.1"
  resolved "https://registry.npmmirror.com/@rollup/rollup-linux-riscv64-gnu/-/rollup-linux-riscv64-gnu-4.28.1.tgz#1eb6651839ee6ebca64d6cc64febbd299e95e6bd"

"@rollup/rollup-linux-s390x-gnu@4.28.1":
  version "4.28.1"
  resolved "https://registry.npmmirror.com/@rollup/rollup-linux-s390x-gnu/-/rollup-linux-s390x-gnu-4.28.1.tgz#015c52293afb3ff2a293cf0936b1d43975c1e9cd"

"@rollup/rollup-linux-x64-gnu@4.28.1":
  version "4.28.1"
  resolved "https://registry.npmmirror.com/@rollup/rollup-linux-x64-gnu/-/rollup-linux-x64-gnu-4.28.1.tgz#b83001b5abed2bcb5e2dbeec6a7e69b194235c1e"

"@rollup/rollup-linux-x64-musl@4.28.1":
  version "4.28.1"
  resolved "https://registry.npmmirror.com/@rollup/rollup-linux-x64-musl/-/rollup-linux-x64-musl-4.28.1.tgz#6cc7c84cd4563737f8593e66f33b57d8e228805b"

"@rollup/rollup-win32-arm64-msvc@4.28.1":
  version "4.28.1"
  resolved "https://registry.npmmirror.com/@rollup/rollup-win32-arm64-msvc/-/rollup-win32-arm64-msvc-4.28.1.tgz#631ffeee094d71279fcd1fe8072bdcf25311bc11"

"@rollup/rollup-win32-ia32-msvc@4.28.1":
  version "4.28.1"
  resolved "https://registry.npmmirror.com/@rollup/rollup-win32-ia32-msvc/-/rollup-win32-ia32-msvc-4.28.1.tgz#06d1d60d5b9f718e8a6c4a43f82e3f9e3254587f"

"@rollup/rollup-win32-x64-msvc@4.28.1":
  version "4.28.1"
  resolved "https://registry.npmmirror.com/@rollup/rollup-win32-x64-msvc/-/rollup-win32-x64-msvc-4.28.1.tgz#4dff5c4259ebe6c5b4a8f2c5bc3829b7a8447ff0"

"@types/estree@1.0.6":
  version "1.0.6"
  resolved "https://registry.npmmirror.com/@types/estree/-/estree-1.0.6.tgz#628effeeae2064a1b4e79f78e81d87b7e5fc7b50"

"@types/node@^22.10.2":
  version "22.10.2"
  resolved "https://registry.npmmirror.com/@types/node/-/node-22.10.2.tgz#a485426e6d1fdafc7b0d4c7b24e2c78182ddabb9"
  dependencies:
    undici-types "~6.20.0"

esbuild@^0.24.0:
  version "0.24.0"
  resolved "https://registry.npmmirror.com/esbuild/-/esbuild-0.24.0.tgz#f2d470596885fcb2e91c21eb3da3b3c89c0b55e7"
  optionalDependencies:
    "@esbuild/aix-ppc64" "0.24.0"
    "@esbuild/android-arm" "0.24.0"
    "@esbuild/android-arm64" "0.24.0"
    "@esbuild/android-x64" "0.24.0"
    "@esbuild/darwin-arm64" "0.24.0"
    "@esbuild/darwin-x64" "0.24.0"
    "@esbuild/freebsd-arm64" "0.24.0"
    "@esbuild/freebsd-x64" "0.24.0"
    "@esbuild/linux-arm" "0.24.0"
    "@esbuild/linux-arm64" "0.24.0"
    "@esbuild/linux-ia32" "0.24.0"
    "@esbuild/linux-loong64" "0.24.0"
    "@esbuild/linux-mips64el" "0.24.0"
    "@esbuild/linux-ppc64" "0.24.0"
    "@esbuild/linux-riscv64" "0.24.0"
    "@esbuild/linux-s390x" "0.24.0"
    "@esbuild/linux-x64" "0.24.0"
    "@esbuild/netbsd-x64" "0.24.0"
    "@esbuild/openbsd-arm64" "0.24.0"
    "@esbuild/openbsd-x64" "0.24.0"
    "@esbuild/sunos-x64" "0.24.0"
    "@esbuild/win32-arm64" "0.24.0"
    "@esbuild/win32-ia32" "0.24.0"
    "@esbuild/win32-x64" "0.24.0"

fsevents@~2.3.2, fsevents@~2.3.3:
  version "2.3.3"
  resolved "https://registry.npmmirror.com/fsevents/-/fsevents-2.3.3.tgz#cac6407785d03675a2a5e1a5305c697b347d90d6"

nanoid@^3.3.7:
  version "3.3.8"
  resolved "https://registry.npmmirror.com/nanoid/-/nanoid-3.3.8.tgz#b1be3030bee36aaff18bacb375e5cce521684baf"

picocolors@^1.1.1:
  version "1.1.1"
  resolved "https://registry.npmmirror.com/picocolors/-/picocolors-1.1.1.tgz#3d321af3eab939b083c8f929a1d12cda81c26b6b"

postcss@^8.4.49:
  version "8.4.49"
  resolved "https://registry.npmmirror.com/postcss/-/postcss-8.4.49.tgz#4ea479048ab059ab3ae61d082190fabfd994fe19"
  dependencies:
    nanoid "^3.3.7"
    picocolors "^1.1.1"
    source-map-js "^1.2.1"

rollup@^4.23.0:
  version "4.28.1"
  resolved "https://registry.npmmirror.com/rollup/-/rollup-4.28.1.tgz#7718ba34d62b449dfc49adbfd2f312b4fe0df4de"
  dependencies:
    "@types/estree" "1.0.6"
  optionalDependencies:
    "@rollup/rollup-android-arm-eabi" "4.28.1"
    "@rollup/rollup-android-arm64" "4.28.1"
    "@rollup/rollup-darwin-arm64" "4.28.1"
    "@rollup/rollup-darwin-x64" "4.28.1"
    "@rollup/rollup-freebsd-arm64" "4.28.1"
    "@rollup/rollup-freebsd-x64" "4.28.1"
    "@rollup/rollup-linux-arm-gnueabihf" "4.28.1"
    "@rollup/rollup-linux-arm-musleabihf" "4.28.1"
    "@rollup/rollup-linux-arm64-gnu" "4.28.1"
    "@rollup/rollup-linux-arm64-musl" "4.28.1"
    "@rollup/rollup-linux-loongarch64-gnu" "4.28.1"
    "@rollup/rollup-linux-powerpc64le-gnu" "4.28.1"
    "@rollup/rollup-linux-riscv64-gnu" "4.28.1"
    "@rollup/rollup-linux-s390x-gnu" "4.28.1"
    "@rollup/rollup-linux-x64-gnu" "4.28.1"
    "@rollup/rollup-linux-x64-musl" "4.28.1"
    "@rollup/rollup-win32-arm64-msvc" "4.28.1"
    "@rollup/rollup-win32-ia32-msvc" "4.28.1"
    "@rollup/rollup-win32-x64-msvc" "4.28.1"
    fsevents "~2.3.2"

source-map-js@^1.2.1:
  version "1.2.1"
  resolved "https://registry.npmmirror.com/source-map-js/-/source-map-js-1.2.1.tgz#1ce5650fddd87abc099eda37dcff024c2667ae46"

tslib@^2.8.1:
  version "2.8.1"
  resolved "https://registry.npmmirror.com/tslib/-/tslib-2.8.1.tgz#612efe4ed235d567e8aba5f2a5fab70280ade83f"

typescript@^5.7.2:
  version "5.7.2"
  resolved "https://registry.npmmirror.com/typescript/-/typescript-5.7.2.tgz#3169cf8c4c8a828cde53ba9ecb3d2b1d5dd67be6"

undici-types@~6.20.0:
  version "6.20.0"
  resolved "https://registry.npmmirror.com/undici-types/-/undici-types-6.20.0.tgz#8171bf22c1f588d1554d55bf204bc624af388433"

vite@^6.0.3:
  version "6.0.3"
  resolved "https://registry.npmmirror.com/vite/-/vite-6.0.3.tgz#cc01f403e326a9fc1e064235df8a6de084c8a491"
  dependencies:
    esbuild "^0.24.0"
    postcss "^8.4.49"
    rollup "^4.23.0"
  optionalDependencies:
    fsevents "~2.3.3"
